<?xml version="1.0" encoding="utf-8"?>
<Project ToolsVersion="4.0" xmlns="http://schemas.microsoft.com/developer/msbuild/2003">
  <ItemGroup>
    <ClCompile Include="AppPlayerApp.cpp" />
    <ClCompile Include="..\PX2ToLua\Samples\Client\Cube\PX2ToLuaCube.cpp">
      <Filter>Project</Filter>
    </ClCompile>
  </ItemGroup>
  <ItemGroup>
    <ClInclude Include="AppPlayerApp.hpp" />
    <ClInclude Include="..\PX2ToLua\Samples\Client\Cube\PX2ToLuaCube.hpp">
      <Filter>Project</Filter>
    </ClInclude>
  </ItemGroup>
  <ItemGroup>
    <Filter Include="Project">
      <UniqueIdentifier>{29250595-287a-4313-a2bf-c0292b27cac0}</UniqueIdentifier>
    </Filter>
  </ItemGroup>
</Project>