<?xml version="1.0" encoding="utf-8"?>
<Project ToolsVersion="4.0" xmlns="http://schemas.microsoft.com/developer/msbuild/2003">
  <ItemGroup>
    <Filter Include="DBMySQL">
      <UniqueIdentifier>{5f6c64c4-37ef-4f45-b9c7-bbcaee567575}</UniqueIdentifier>
    </Filter>
    <Filter Include="Server">
      <UniqueIdentifier>{1725aa72-ac56-45f4-b230-afd57f11fe9c}</UniqueIdentifier>
    </Filter>
    <Filter Include="Proto">
      <UniqueIdentifier>{637c1879-0367-483b-aed3-8d24e74cbe55}</UniqueIdentifier>
    </Filter>
  </ItemGroup>
  <ItemGroup>
    <ClCompile Include="Main.cpp" />
    <ClCompile Include="PX2ServerLoopDB.cpp" />
    <ClCompile Include="PX2ServerDB.cpp">
      <Filter>Server</Filter>
    </ClCompile>
    <ClCompile Include="..\Proto\db.pb.cc">
      <Filter>Proto</Filter>
    </ClCompile>
    <ClCompile Include="PX2DataBaseMySQL.cpp">
      <Filter>DBMySQL</Filter>
    </ClCompile>
    <ClCompile Include="PX2DataBase.cpp">
      <Filter>DBMySQL</Filter>
    </ClCompile>
  </ItemGroup>
  <ItemGroup>
    <ClInclude Include="PX2ServerLoopDB.hpp" />
    <ClInclude Include="PX2ServerDB.hpp">
      <Filter>Server</Filter>
    </ClInclude>
    <ClInclude Include="..\Proto\db.pb.h">
      <Filter>Proto</Filter>
    </ClInclude>
    <ClInclude Include="PX2DataBaseMySQL.hpp">
      <Filter>DBMySQL</Filter>
    </ClInclude>
    <ClInclude Include="PX2DataBase.hpp">
      <Filter>DBMySQL</Filter>
    </ClInclude>
  </ItemGroup>
  <ItemGroup>
    <None Include="PX2DataBase.inl">
      <Filter>DBMySQL</Filter>
    </None>
  </ItemGroup>
</Project>