<?xml version="1.0" encoding="utf-8"?>
<Project ToolsVersion="4.0" xmlns="http://schemas.microsoft.com/developer/msbuild/2003">
  <ItemGroup>
    <ClCompile Include="PX2DLLMain.cpp" />
    <ClCompile Include="PX2ExportSettings.cpp" />
    <ClCompile Include="PX2MaxClassDesc.cpp" />
    <ClCompile Include="PX2Mtls.cpp" />
    <ClCompile Include="PX2MtlTree.cpp" />
    <ClCompile Include="PX2SceneBuilder.cpp" />
    <ClCompile Include="PX2SceneBuilderAnimation.cpp" />
    <ClCompile Include="PX2SceneBuilderLight.cpp" />
    <ClCompile Include="PX2SceneBuilderMesh.cpp" />
    <ClCompile Include="PX2SceneBuilderModifier.cpp" />
    <ClCompile Include="PX2SceneBuilderModifierPhy.cpp" />
    <ClCompile Include="PX2SceneBuilderModifierSkin.cpp" />
    <ClCompile Include="PX2SceneBuilderMtl.cpp" />
    <ClCompile Include="PX2SceneExport.cpp" />
    <ClCompile Include="PX2UniMaterialMesh.cpp" />
  </ItemGroup>
  <ItemGroup>
    <ClInclude Include="PX2ExportSettings.hpp" />
    <ClInclude Include="PX2MaxClassDesc.hpp" />
    <ClInclude Include="PX2MaxToPX2PluginPre.hpp" />
    <ClInclude Include="PX2Mtls.hpp" />
    <ClInclude Include="PX2MtlTree.hpp" />
    <ClInclude Include="PX2SceneBuilder.hpp" />
    <ClInclude Include="PX2SceneExport.hpp" />
    <ClInclude Include="PX2UniMaterialMesh.hpp" />
    <ClInclude Include="resource.h" />
  </ItemGroup>
</Project>